
Microsoft Visual Studio Solution File, Format Version 12.00
# Visual Studio 15
VisualStudioVersion = 15.0.26124.0
MinimumVisualStudioVersion = 15.0.26124.0
Project("{2150E333-8FDC-42A3-9474-1A3956D46DE8}") = "src", "src", "{B052814F-FA60-4B7F-A31C-E6FD79A7D2C5}"
EndProject
Project("{FAE04EC0-301F-11D3-BF4B-00C04F79EFBC}") = "ShopInsights.Core", "src\ShopInsights.Core\ShopInsights.Core.csproj", "{FB0198D8-7941-4563-98E3-BBFBEABABC58}"
EndProject
Project("{FAE04EC0-301F-11D3-BF4B-00C04F79EFBC}") = "ShopInsights.Web", "src\ShopInsights.Web\ShopInsights.Web.csproj", "{AC4EED64-6D22-4706-89C6-941516840278}"
EndProject
Project("{2150E333-8FDC-42A3-9474-1A3956D46DE8}") = "test", "test", "{AF454FA6-3F44-4D58-A213-004A2ABF9389}"
ProjectSection(SolutionItems) = preProject
	test\Directory.Build.props = test\Directory.Build.props
EndProjectSection
EndProject
Project("{FAE04EC0-301F-11D3-BF4B-00C04F79EFBC}") = "ShopInsights.Core.Tests", "test\ShopInsights.Core.Tests\ShopInsights.Core.Tests.csproj", "{6CA2D01C-9A34-4DD3-8D72-51217FA99972}"
EndProject
Project("{FAE04EC0-301F-11D3-BF4B-00C04F79EFBC}") = "ShopInsights.Web.Tests", "test\ShopInsights.Web.Tests\ShopInsights.Web.Tests.csproj", "{AF3136CA-CF1F-4459-95CB-6BB3BC0CBEFD}"
EndProject
Project("{2150E333-8FDC-42A3-9474-1A3956D46DE8}") = "props", "props", "{DA674ED0-76F7-4674-B83B-C90374DCA159}"
ProjectSection(SolutionItems) = preProject
	Directory.Build.props = Directory.Build.props
	dotnet-test.Build.props = dotnet-test.Build.props
EndProjectSection
EndProject
Project("{FAE04EC0-301F-11D3-BF4B-00C04F79EFBC}") = "ShopInsights.Infrastructure", "src\ShopInsights.Infrastructure\ShopInsights.Infrastructure.csproj", "{8158E344-AAC7-47DB-982E-2E137647291D}"
EndProject
Project("{FAE04EC0-301F-11D3-BF4B-00C04F79EFBC}") = "ShopInsights.Infrastructure.Tests", "test\ShopInsights.Infrastructure.Tests\ShopInsights.Infrastructure.Tests.csproj", "{D1864571-EF06-4A27-B3E7-3E952B76C22A}"
EndProject
Global
	GlobalSection(SolutionConfigurationPlatforms) = preSolution
		Debug|Any CPU = Debug|Any CPU
		Debug|x64 = Debug|x64
		Debug|x86 = Debug|x86
		Release|Any CPU = Release|Any CPU
		Release|x64 = Release|x64
		Release|x86 = Release|x86
	EndGlobalSection
	GlobalSection(SolutionProperties) = preSolution
		HideSolutionNode = FALSE
	EndGlobalSection
	GlobalSection(ProjectConfigurationPlatforms) = postSolution
		{FB0198D8-7941-4563-98E3-BBFBEABABC58}.Debug|Any CPU.ActiveCfg = Debug|Any CPU
		{FB0198D8-7941-4563-98E3-BBFBEABABC58}.Debug|Any CPU.Build.0 = Debug|Any CPU
		{FB0198D8-7941-4563-98E3-BBFBEABABC58}.Debug|x64.ActiveCfg = Debug|Any CPU
		{FB0198D8-7941-4563-98E3-BBFBEABABC58}.Debug|x64.Build.0 = Debug|Any CPU
		{FB0198D8-7941-4563-98E3-BBFBEABABC58}.Debug|x86.ActiveCfg = Debug|Any CPU
		{FB0198D8-7941-4563-98E3-BBFBEABABC58}.Debug|x86.Build.0 = Debug|Any CPU
		{FB0198D8-7941-4563-98E3-BBFBEABABC58}.Release|Any CPU.ActiveCfg = Release|Any CPU
		{FB0198D8-7941-4563-98E3-BBFBEABABC58}.Release|Any CPU.Build.0 = Release|Any CPU
		{FB0198D8-7941-4563-98E3-BBFBEABABC58}.Release|x64.ActiveCfg = Release|Any CPU
		{FB0198D8-7941-4563-98E3-BBFBEABABC58}.Release|x64.Build.0 = Release|Any CPU
		{FB0198D8-7941-4563-98E3-BBFBEABABC58}.Release|x86.ActiveCfg = Release|Any CPU
		{FB0198D8-7941-4563-98E3-BBFBEABABC58}.Release|x86.Build.0 = Release|Any CPU
		{AC4EED64-6D22-4706-89C6-941516840278}.Debug|Any CPU.ActiveCfg = Debug|Any CPU
		{AC4EED64-6D22-4706-89C6-941516840278}.Debug|Any CPU.Build.0 = Debug|Any CPU
		{AC4EED64-6D22-4706-89C6-941516840278}.Debug|x64.ActiveCfg = Debug|Any CPU
		{AC4EED64-6D22-4706-89C6-941516840278}.Debug|x64.Build.0 = Debug|Any CPU
		{AC4EED64-6D22-4706-89C6-941516840278}.Debug|x86.ActiveCfg = Debug|Any CPU
		{AC4EED64-6D22-4706-89C6-941516840278}.Debug|x86.Build.0 = Debug|Any CPU
		{AC4EED64-6D22-4706-89C6-941516840278}.Release|Any CPU.ActiveCfg = Release|Any CPU
		{AC4EED64-6D22-4706-89C6-941516840278}.Release|Any CPU.Build.0 = Release|Any CPU
		{AC4EED64-6D22-4706-89C6-941516840278}.Release|x64.ActiveCfg = Release|Any CPU
		{AC4EED64-6D22-4706-89C6-941516840278}.Release|x64.Build.0 = Release|Any CPU
		{AC4EED64-6D22-4706-89C6-941516840278}.Release|x86.ActiveCfg = Release|Any CPU
		{AC4EED64-6D22-4706-89C6-941516840278}.Release|x86.Build.0 = Release|Any CPU
		{6CA2D01C-9A34-4DD3-8D72-51217FA99972}.Debug|Any CPU.ActiveCfg = Debug|Any CPU
		{6CA2D01C-9A34-4DD3-8D72-51217FA99972}.Debug|Any CPU.Build.0 = Debug|Any CPU
		{6CA2D01C-9A34-4DD3-8D72-51217FA99972}.Debug|x64.ActiveCfg = Debug|Any CPU
		{6CA2D01C-9A34-4DD3-8D72-51217FA99972}.Debug|x64.Build.0 = Debug|Any CPU
		{6CA2D01C-9A34-4DD3-8D72-51217FA99972}.Debug|x86.ActiveCfg = Debug|Any CPU
		{6CA2D01C-9A34-4DD3-8D72-51217FA99972}.Debug|x86.Build.0 = Debug|Any CPU
		{6CA2D01C-9A34-4DD3-8D72-51217FA99972}.Release|Any CPU.ActiveCfg = Release|Any CPU
		{6CA2D01C-9A34-4DD3-8D72-51217FA99972}.Release|Any CPU.Build.0 = Release|Any CPU
		{6CA2D01C-9A34-4DD3-8D72-51217FA99972}.Release|x64.ActiveCfg = Release|Any CPU
		{6CA2D01C-9A34-4DD3-8D72-51217FA99972}.Release|x64.Build.0 = Release|Any CPU
		{6CA2D01C-9A34-4DD3-8D72-51217FA99972}.Release|x86.ActiveCfg = Release|Any CPU
		{6CA2D01C-9A34-4DD3-8D72-51217FA99972}.Release|x86.Build.0 = Release|Any CPU
		{AF3136CA-CF1F-4459-95CB-6BB3BC0CBEFD}.Debug|Any CPU.ActiveCfg = Debug|Any CPU
		{AF3136CA-CF1F-4459-95CB-6BB3BC0CBEFD}.Debug|Any CPU.Build.0 = Debug|Any CPU
		{AF3136CA-CF1F-4459-95CB-6BB3BC0CBEFD}.Debug|x64.ActiveCfg = Debug|Any CPU
		{AF3136CA-CF1F-4459-95CB-6BB3BC0CBEFD}.Debug|x64.Build.0 = Debug|Any CPU
		{AF3136CA-CF1F-4459-95CB-6BB3BC0CBEFD}.Debug|x86.ActiveCfg = Debug|Any CPU
		{AF3136CA-CF1F-4459-95CB-6BB3BC0CBEFD}.Debug|x86.Build.0 = Debug|Any CPU
		{AF3136CA-CF1F-4459-95CB-6BB3BC0CBEFD}.Release|Any CPU.ActiveCfg = Release|Any CPU
		{AF3136CA-CF1F-4459-95CB-6BB3BC0CBEFD}.Release|Any CPU.Build.0 = Release|Any CPU
		{AF3136CA-CF1F-4459-95CB-6BB3BC0CBEFD}.Release|x64.ActiveCfg = Release|Any CPU
		{AF3136CA-CF1F-4459-95CB-6BB3BC0CBEFD}.Release|x64.Build.0 = Release|Any CPU
		{AF3136CA-CF1F-4459-95CB-6BB3BC0CBEFD}.Release|x86.ActiveCfg = Release|Any CPU
		{AF3136CA-CF1F-4459-95CB-6BB3BC0CBEFD}.Release|x86.Build.0 = Release|Any CPU
		{8158E344-AAC7-47DB-982E-2E137647291D}.Debug|Any CPU.ActiveCfg = Debug|Any CPU
		{8158E344-AAC7-47DB-982E-2E137647291D}.Debug|Any CPU.Build.0 = Debug|Any CPU
		{8158E344-AAC7-47DB-982E-2E137647291D}.Debug|x64.ActiveCfg = Debug|Any CPU
		{8158E344-AAC7-47DB-982E-2E137647291D}.Debug|x64.Build.0 = Debug|Any CPU
		{8158E344-AAC7-47DB-982E-2E137647291D}.Debug|x86.ActiveCfg = Debug|Any CPU
		{8158E344-AAC7-47DB-982E-2E137647291D}.Debug|x86.Build.0 = Debug|Any CPU
		{8158E344-AAC7-47DB-982E-2E137647291D}.Release|Any CPU.ActiveCfg = Release|Any CPU
		{8158E344-AAC7-47DB-982E-2E137647291D}.Release|Any CPU.Build.0 = Release|Any CPU
		{8158E344-AAC7-47DB-982E-2E137647291D}.Release|x64.ActiveCfg = Release|Any CPU
		{8158E344-AAC7-47DB-982E-2E137647291D}.Release|x64.Build.0 = Release|Any CPU
		{8158E344-AAC7-47DB-982E-2E137647291D}.Release|x86.ActiveCfg = Release|Any CPU
		{8158E344-AAC7-47DB-982E-2E137647291D}.Release|x86.Build.0 = Release|Any CPU
		{D1864571-EF06-4A27-B3E7-3E952B76C22A}.Debug|Any CPU.ActiveCfg = Debug|Any CPU
		{D1864571-EF06-4A27-B3E7-3E952B76C22A}.Debug|Any CPU.Build.0 = Debug|Any CPU
		{D1864571-EF06-4A27-B3E7-3E952B76C22A}.Debug|x64.ActiveCfg = Debug|Any CPU
		{D1864571-EF06-4A27-B3E7-3E952B76C22A}.Debug|x64.Build.0 = Debug|Any CPU
		{D1864571-EF06-4A27-B3E7-3E952B76C22A}.Debug|x86.ActiveCfg = Debug|Any CPU
		{D1864571-EF06-4A27-B3E7-3E952B76C22A}.Debug|x86.Build.0 = Debug|Any CPU
		{D1864571-EF06-4A27-B3E7-3E952B76C22A}.Release|Any CPU.ActiveCfg = Release|Any CPU
		{D1864571-EF06-4A27-B3E7-3E952B76C22A}.Release|Any CPU.Build.0 = Release|Any CPU
		{D1864571-EF06-4A27-B3E7-3E952B76C22A}.Release|x64.ActiveCfg = Release|Any CPU
		{D1864571-EF06-4A27-B3E7-3E952B76C22A}.Release|x64.Build.0 = Release|Any CPU
		{D1864571-EF06-4A27-B3E7-3E952B76C22A}.Release|x86.ActiveCfg = Release|Any CPU
		{D1864571-EF06-4A27-B3E7-3E952B76C22A}.Release|x86.Build.0 = Release|Any CPU
	EndGlobalSection
	GlobalSection(NestedProjects) = preSolution
		{FB0198D8-7941-4563-98E3-BBFBEABABC58} = {B052814F-FA60-4B7F-A31C-E6FD79A7D2C5}
		{AC4EED64-6D22-4706-89C6-941516840278} = {B052814F-FA60-4B7F-A31C-E6FD79A7D2C5}
		{6CA2D01C-9A34-4DD3-8D72-51217FA99972} = {AF454FA6-3F44-4D58-A213-004A2ABF9389}
		{AF3136CA-CF1F-4459-95CB-6BB3BC0CBEFD} = {AF454FA6-3F44-4D58-A213-004A2ABF9389}
		{8158E344-AAC7-47DB-982E-2E137647291D} = {B052814F-FA60-4B7F-A31C-E6FD79A7D2C5}
		{D1864571-EF06-4A27-B3E7-3E952B76C22A} = {AF454FA6-3F44-4D58-A213-004A2ABF9389}
	EndGlobalSection
EndGlobal
